
Microsoft Visual Studio Solution File, Format Version 12.00
# Visual Studio Version 16
VisualStudioVersion = 16.0.30711.63
MinimumVisualStudioVersion = 10.0.40219.1
Project("{FAE04EC0-301F-11D3-BF4B-00C04F79EFBC}") = "GAMING.WinForm", "GAMING.WinForm\GAMING.WinForm.csproj", "{1273F383-F251-4190-BCB2-D676078CEC2F}"
EndProject
Project("{FAE04EC0-301F-11D3-BF4B-00C04F79EFBC}") = "GAMIN.BO", "GAMIN.BO\GAMIN.BO.csproj", "{0F67D477-F3F6-4127-9717-CB6589D719B7}"
EndProject
Project("{FAE04EC0-301F-11D3-BF4B-00C04F79EFBC}") = "GAMIN.DAL", "GAMIN.DAL\GAMIN.DAL.csproj", "{A3F5BDBC-2403-4E4E-84FE-634C30B1B90F}"
EndProject
Project("{FAE04EC0-301F-11D3-BF4B-00C04F79EFBC}") = "GAMIN.BLL", "GAMIN.BLL\GAMIN.BLL.csproj", "{025B3DD3-2611-4336-B499-F9FC78A57CE5}"
EndProject
Global
	GlobalSection(SolutionConfigurationPlatforms) = preSolution
		Debug|Any CPU = Debug|Any CPU
		Release|Any CPU = Release|Any CPU
	EndGlobalSection
	GlobalSection(ProjectConfigurationPlatforms) = postSolution
		{1273F383-F251-4190-BCB2-D676078CEC2F}.Debug|Any CPU.ActiveCfg = Debug|Any CPU
		{1273F383-F251-4190-BCB2-D676078CEC2F}.Debug|Any CPU.Build.0 = Debug|Any CPU
		{1273F383-F251-4190-BCB2-D676078CEC2F}.Release|Any CPU.ActiveCfg = Release|Any CPU
		{1273F383-F251-4190-BCB2-D676078CEC2F}.Release|Any CPU.Build.0 = Release|Any CPU
		{0F67D477-F3F6-4127-9717-CB6589D719B7}.Debug|Any CPU.ActiveCfg = Debug|Any CPU
		{0F67D477-F3F6-4127-9717-CB6589D719B7}.Debug|Any CPU.Build.0 = Debug|Any CPU
		{0F67D477-F3F6-4127-9717-CB6589D719B7}.Release|Any CPU.ActiveCfg = Release|Any CPU
		{0F67D477-F3F6-4127-9717-CB6589D719B7}.Release|Any CPU.Build.0 = Release|Any CPU
		{A3F5BDBC-2403-4E4E-84FE-634C30B1B90F}.Debug|Any CPU.ActiveCfg = Debug|Any CPU
		{A3F5BDBC-2403-4E4E-84FE-634C30B1B90F}.Debug|Any CPU.Build.0 = Debug|Any CPU
		{A3F5BDBC-2403-4E4E-84FE-634C30B1B90F}.Release|Any CPU.ActiveCfg = Release|Any CPU
		{A3F5BDBC-2403-4E4E-84FE-634C30B1B90F}.Release|Any CPU.Build.0 = Release|Any CPU
		{025B3DD3-2611-4336-B499-F9FC78A57CE5}.Debug|Any CPU.ActiveCfg = Debug|Any CPU
		{025B3DD3-2611-4336-B499-F9FC78A57CE5}.Debug|Any CPU.Build.0 = Debug|Any CPU
		{025B3DD3-2611-4336-B499-F9FC78A57CE5}.Release|Any CPU.ActiveCfg = Release|Any CPU
		{025B3DD3-2611-4336-B499-F9FC78A57CE5}.Release|Any CPU.Build.0 = Release|Any CPU
	EndGlobalSection
	GlobalSection(SolutionProperties) = preSolution
		HideSolutionNode = FALSE
	EndGlobalSection
	GlobalSection(ExtensibilityGlobals) = postSolution
		SolutionGuid = {7562DC53-2708-4B65-A904-BE446F2F3D95}
	EndGlobalSection
EndGlobal
